hash: 63382390f7cb5f3ca3c735cc3827d055a6395aee4266dd27736e30c98399ea7a
updated: 2017-01-04T13:53:07.459900857-08:00
imports:
- name: github.com/gorilla/mux
  version: 757bef944d0f21880861c2dd9c871ca543023cba
- name: github.com/onsi/ginkgo
  version: a23f924ce96d61f963fb6219b8ff069d8d768cc2
- name: github.com/onsi/gomega
  version: f1f0f388b31eca4e2cbe7a6dd8a3a1dfddda5b1c
- name: github.com/voxelbrain/goptions
  version: 26cb8b04692384f4dc269de3b5fcf3e2ef78573e
testImports: []
